
Microsoft Visual Studio Solution File, Format Version 12.00
# Visual Studio Version 16
VisualStudioVersion = 16.0.29006.145
MinimumVisualStudioVersion = 10.0.40219.1
Project("{FAE04EC0-301F-11D3-BF4B-00C04F79EFBC}") = "Feature.BlazorServer", "Feature.BlazorServer\Feature.BlazorServer.csproj", "{118CBDF5-D968-47D3-BDDE-D9432F46E537}"
EndProject
Project("{FAE04EC0-301F-11D3-BF4B-00C04F79EFBC}") = "Feature.Worker", "Feature.Worker\Feature.Worker.csproj", "{EBD09B90-377A-45BE-A37B-7B452B5D2732}"
EndProject
Project("{FAE04EC0-301F-11D3-BF4B-00C04F79EFBC}") = "Feature.Shared", "Feature.Shared\Feature.Shared.csproj", "{CE1AA96B-984B-410A-8CB0-C279B83CFFBC}"
EndProject
Project("{FAE04EC0-301F-11D3-BF4B-00C04F79EFBC}") = "Feature.Rpc", "Feature.Rpc\Feature.Rpc.csproj", "{F98BCB27-4570-4696-989D-F6D4F03B58B4}"
EndProject
Global
	GlobalSection(SolutionConfigurationPlatforms) = preSolution
		Debug|Any CPU = Debug|Any CPU
		Release|Any CPU = Release|Any CPU
	EndGlobalSection
	GlobalSection(ProjectConfigurationPlatforms) = postSolution
		{118CBDF5-D968-47D3-BDDE-D9432F46E537}.Debug|Any CPU.ActiveCfg = Debug|Any CPU
		{118CBDF5-D968-47D3-BDDE-D9432F46E537}.Debug|Any CPU.Build.0 = Debug|Any CPU
		{118CBDF5-D968-47D3-BDDE-D9432F46E537}.Release|Any CPU.ActiveCfg = Release|Any CPU
		{118CBDF5-D968-47D3-BDDE-D9432F46E537}.Release|Any CPU.Build.0 = Release|Any CPU
		{EBD09B90-377A-45BE-A37B-7B452B5D2732}.Debug|Any CPU.ActiveCfg = Debug|Any CPU
		{EBD09B90-377A-45BE-A37B-7B452B5D2732}.Debug|Any CPU.Build.0 = Debug|Any CPU
		{EBD09B90-377A-45BE-A37B-7B452B5D2732}.Release|Any CPU.ActiveCfg = Release|Any CPU
		{EBD09B90-377A-45BE-A37B-7B452B5D2732}.Release|Any CPU.Build.0 = Release|Any CPU
		{CE1AA96B-984B-410A-8CB0-C279B83CFFBC}.Debug|Any CPU.ActiveCfg = Debug|Any CPU
		{CE1AA96B-984B-410A-8CB0-C279B83CFFBC}.Debug|Any CPU.Build.0 = Debug|Any CPU
		{CE1AA96B-984B-410A-8CB0-C279B83CFFBC}.Release|Any CPU.ActiveCfg = Release|Any CPU
		{CE1AA96B-984B-410A-8CB0-C279B83CFFBC}.Release|Any CPU.Build.0 = Release|Any CPU
		{F98BCB27-4570-4696-989D-F6D4F03B58B4}.Debug|Any CPU.ActiveCfg = Debug|Any CPU
		{F98BCB27-4570-4696-989D-F6D4F03B58B4}.Debug|Any CPU.Build.0 = Debug|Any CPU
		{F98BCB27-4570-4696-989D-F6D4F03B58B4}.Release|Any CPU.ActiveCfg = Release|Any CPU
		{F98BCB27-4570-4696-989D-F6D4F03B58B4}.Release|Any CPU.Build.0 = Release|Any CPU
	EndGlobalSection
	GlobalSection(SolutionProperties) = preSolution
		HideSolutionNode = FALSE
	EndGlobalSection
	GlobalSection(ExtensibilityGlobals) = postSolution
		SolutionGuid = {2F34DF66-1732-4F97-9367-B245A4D70370}
	EndGlobalSection
EndGlobal
